version = 1
revision = 3
requires-python = ">=3.12, <3.14"

[[package]]
name = "absl-py"
version = "2.5.0"
source = { registry = "https://pypi.org/simple" }
sdist = { url = "https://files.pythonhosted.org/packages/d0/4f/d79676ab82f2e42fc3611618139f13a9c4c31d0cff4b486982047679a802/absl_py-2.5.0.tar.gz", hash = "sha256:0c996f25c0490700fadabe6351630f6111534fa0ae252cc6d2014ea3b141135f", size = 118119, upload-time = "2026-07-03T10:57:48.157Z" }
wheels = [
    { url = "https://files.pythonhosted.org/packages/58/0a/a10b45aab35b175aded078a462dc8d0c698f5b13946e7cb0869097b78bb6/absl_py-2.5.0-py3-none-any.whl", hash = "sha256:0f17b89f2a4eaaedc4f28c622998aa690564b3012a396a4ffad0821007fe03ba", size = 137410, upload-time = "2026-07-03T10:57:46.735Z" },
]

[[package]]
name = "colorama"
version = "0.4.6"
source = { registry = "https://pypi.org/simple" }
sdist = { url = "https://files.pythonhosted.org/packages/d8/53/6f443c9a4a8358a93a6792e2acffb9d9d5cb0a5cfd8802644b7b1c9a02e4/colorama-0.4.6.tar.gz", hash = "sha256:08695f5cb7ed6e0531a20572697297273c47b8cae5a63ffc6d6ed5c201be6e44", size = 27697, upload-time = "2022-10-25T02:36:22.414Z" }
wheels = [
    { url = "https://files.pythonhosted.org/packages/d1/d6/3965ed04c63042e047cb6a3e6ed1a63a35087b6a609aa3a15ed8ac56c221/colorama-0.4.6-py2.py3-none-any.whl", hash = "sha256:4f1d9991f5acc0ca119f9d443620b77f9d6b33703e51011c16baf57afb285fc6", size = 25335, upload-time = "2022-10-25T02:36:20.889Z" },
]

[[package]]
name = "etils"
version = "1.14.0"
source = { registry = "https://pypi.org/simple" }
sdist = { url = "https://files.pythonhosted.org/packages/26/ce/6e067242fde898841922ac6fc82b0bb2fe35c38e995880bdffdfbe30182a/etils-1.14.0.tar.gz", hash = "sha256:8136e7f4c4173cd0af0ca5481c4475152f0b8686192951eefa60ee8711e1ede4", size = 108127, upload-time = "2026-03-04T17:41:36.291Z" }
wheels = [
    { url = "https://files.pythonhosted.org/packages/5a/3d/589663aeeacd59bb2f3e8596bfd3e81cf0fb18d70bb433199041f469771b/etils-1.14.0-py3-none-any.whl", hash = "sha256:b5df7341f54dbe1405a4450b2741207b4a8c279780402b45f87202b94dfc52b4", size = 172934, upload-time = "2026-03-04T17:41:35.01Z" },
]

[package.optional-dependencies]
epath = [
    { name = "fsspec" },
    { name = "typing-extensions" },
    { name = "zipp" },
]

[[package]]
name = "fsspec"
version = "2026.9.0"
source = { registry = "https://pypi.org/simple" }
sdist = { url = "https://files.pythonhosted.org/packages/77/cd/9be253869fc42e764de7f3dedd6969af7d44ff9c3375214a3442a6f3fc08/fsspec-2026.9.0.tar.gz", hash = "sha256:0f08147951c8cb31d844c3547d631053b127863b60be04cf06e121333ee0e2fe", size = 333545, upload-time = "2026-09-18T17:50:42.825Z" }
wheels = [
    { url = "https://files.pythonhosted.org/packages/6c/c0/a98505f18594f1bce828bb159cec0fcf9860562f1a2c85913409fc8f3d9e/fsspec-2026.9.0-py3-none-any.whl", hash = "sha256:8dd6e646e99ea382bd85f97a45e6b526a442d79423a7dc673f1e2756d05fcb5f", size = 221738, upload-time = "2026-09-18T17:50:41.341Z" },
]

[[package]]
name = "glfw"
version = "2.10.2"
source = { registry = "https://pypi.org/simple" }
sdist = { url = "https://files.pythonhosted.org/packages/0f/62/096058bcb4b4fb28f7ecd28fb048f07969d90b243c417af5f6d09d45a0c2/glfw-2.10.2.tar.gz", hash = "sha256:5d2cf97c66bc42a6b583be0e307eae5a3945438322e2ed0c5e4f14dc251d693d", size = 36307, upload-time = "2026-07-21T14:42:36.732Z" }
wheels = [
    { url = "https://files.pythonhosted.org/packages/c4/80/5e575ec14f54dc0a644e7215985b9ee7c5044fcc3594d6b83dfdeb04ccd4/glfw-2.10.2-py2.py3-none-macosx_10_6_intel.whl", hash = "sha256:a04d25bb535a3a29e173ea1abd658e161681b5d3816e00bc51c122f74cd7fa3a", size = 110295, upload-time = "2026-07-21T14:42:25.625Z" },
    { url = "https://files.pythonhosted.org/packages/e5/2e/22216db429690aa51fa87d2e2b5e6b610c5a37b9df7768da2927f52f8704/glfw-2.10.2-py2.py3-none-macosx_11_0_arm64.whl", hash = "sha256:c000b8a5e5fb4374b2c18d12347255ccb92001b9bcf80ef74c56072acbb98fe3", size = 107146, upload-time = "2026-07-21T14:42:26.854Z" },
    { url = "https://files.pythonhosted.org/packages/75/a4/9ccee9d5c3b9c5d6bafce3e8d53ab8318eff30124e3c19b95580bebaa6d4/glfw-2.10.2-py2.py3-none-manylinux2014_aarch64.whl", hash = "sha256:0ffe2b48b51f37b05e8f027f57c0b8cd213affaf22fc83401bd9621692d4c6c8", size = 235005, upload-time = "2026-07-21T14:42:27.955Z" },
    { url = "https://files.pythonhosted.org/packages/77/44/37aeed50c581c76e1c5bb83b696a06f98f8ecc979ed8564dde3eef908e8b/glfw-2.10.2-py2.py3-none-manylinux2014_x86_64.whl", hash = "sha256:82daf1f87b2a48815637dc6f6720d4a55a57ba1d3683322dc20dc28065754f97", size = 246951, upload-time = "2026-07-21T14:42:29.107Z" },
    { url = "https://files.pythonhosted.org/packages/52/fc/29b4f1a8c8e33d8934781330a0845458b01da7f389d9fe6a3350e752b7f3/glfw-2.10.2-py2.py3-none-manylinux_2_28_aarch64.whl", hash = "sha256:7604425ec95665cc6a25c3ed7d07e9660d394a34472ceffaec0843c844e7b649", size = 236018, upload-time = "2026-07-21T14:42:30.623Z" },
    { url = "https://files.pythonhosted.org/packages/69/84/1b98671314ea5f40397586b6cd14db913de3196333be558fdc177e61708f/glfw-2.10.2-py2.py3-none-manylinux_2_28_x86_64.whl", hash = "sha256:b860de3ca0686182483f98f3ddd12e660acf25b3e0d521450ec9a3f999f72a65", size = 248490, upload-time = "2026-07-21T14:42:32.377Z" },
    { url = "https://files.pythonhosted.org/packages/12/d9/bd2e6c8dbadcf69fcd2289705e75881258b46221c196903a52e9f6e97322/glfw-2.10.2-py2.py3-none-win32.whl", hash = "sha256:a94aefe8c48886fd83cd6e11e936846166a4b5b94abf1f4bf599d984774b0b1b", size = 557654, upload-time = "2026-07-21T14:42:33.903Z" },
    { url = "https://files.pythonhosted.org/packages/e0/6c/4ca5f3ab85a8d7f612ce857208726e9b834e54e559751e3d4f98cc2f7509/glfw-2.10.2-py2.py3-none-win_amd64.whl", hash = "sha256:15fd0666cd8f1b0ecb535c3abb712b8ddda053bf8d16de2353b1c6ced0e65402", size = 564433, upload-time = "2026-07-21T14:42:35.465Z" },
]

[[package]]
name = "iniconfig"
version = "2.3.0"
source = { registry = "https://pypi.org/simple" }
sdist = { url = "https://files.pythonhosted.org/packages/72/34/14ca021ce8e5dfedc35312d08ba8bf51fdd999c576889fc2c24cb97f4f10/iniconfig-2.3.0.tar.gz", hash = "sha256:c76315c77db068650d49c5b56314774a7804df16fee4402c1f19d6d15d8c4730", size = 20503, upload-time = "2025-10-18T21:55:43.219Z" }
wheels = [
    { url = "https://files.pythonhosted.org/packages/cb/b1/3846dd7f199d53cb17f49cba7e651e9ce294d8497c8c150530ed11865bb8/iniconfig-2.3.0-py3-none-any.whl", hash = "sha256:f631c04d2c48c52b84d0d0549c99ff3859c98df65b3101406327ecc7d53fbf12", size = 7484, upload-time = "2025-10-18T21:55:41.639Z" },
]

[[package]]
name = "mujoco"
version = "3.14.0"
source = { registry = "https://pypi.org/simple" }
dependencies = [
    { name = "absl-py" },
    { name = "etils", extra = ["epath"] },
    { name = "glfw" },
    { name = "numpy" },
    { name = "pyopengl" },
    { name = "websockets" },
]
sdist = { url = "https://files.pythonhosted.org/packages/6c/32/23fe5a5818255c7e05124c4fa250589e978772677ba150cd5fac3ed65cdf/mujoco-3.14.0.tar.gz", hash = "sha256:f75a0731f6fd829387a1ba9c9a7891efec429000517a6c3f9af98f41735d3b6f", size = 6963412, upload-time = "2026-09-22T17:31:49.787Z" }
wheels = [
    { url = "https://files.pythonhosted.org/packages/c4/cf/b1ad15771e50b769cbecc6ca3d27cfa68c11914508f1d51865ffd02346c7/mujoco-3.14.0-cp312-cp312-macosx_11_0_arm64.whl", hash = "sha256:ec16352489f6abdfec92397f627c4f36656eab881bf5282121da8cfa83e5dc61", size = 26408280, upload-time = "2026-09-22T17:30:31.506Z" },
    { url = "https://files.pythonhosted.org/packages/eb/a8/140ebfefbc943fa42a505b5f1f65093f0109df649213732ff3654d529d51/mujoco-3.14.0-cp312-cp312-manylinux_2_27_aarch64.manylinux_2_28_aarch64.whl", hash = "sha256:f2f72463083b4d319874a93f91a54d46e5d538caea2706f18be874d4307b0264", size = 27122891, upload-time = "2026-09-22T17:30:34.971Z" },
    { url = "https://files.pythonhosted.org/packages/e1/91/084b94d434ef097850b0302637de4197fc80a5a2aeb5003a083cb36be559/mujoco-3.14.0-cp312-cp312-manylinux_2_27_x86_64.manylinux_2_28_x86_64.whl", hash = "sha256:7042bfc7cf3e67e885463ff053fc1c28947b75c5ca0cce8d3f780dff4f83f055", size = 28740958, upload-time = "2026-09-22T17:30:38.368Z" },
    { url = "https://files.pythonhosted.org/packages/36/28/1863744b90e6a778057680c76fa6bd7df418b726dc03913bcca808f1394a/mujoco-3.14.0-cp312-cp312-win_amd64.whl", hash = "sha256:d1777cd426f9155bed514d2362c74d6456df784bb84b00759bc253b64564e92c", size = 18524100, upload-time = "2026-09-22T17:30:41.91Z" },
    { url = "https://files.pythonhosted.org/packages/07/28/88ccd47e658c38b79e57cbf844528f860c66bfb33818c9008af9bab139ca/mujoco-3.14.0-cp313-cp313-macosx_11_0_arm64.whl", hash = "sha256:69b06639629506459d8e4d605668b73d8175d146219c132be406b6a75792d10a", size = 26408180, upload-time = "2026-09-22T17:30:45.745Z" },
    { url = "https://files.pythonhosted.org/packages/0a/66/7c252714b3f91973c58bcda57a8348d0d469413cc9b0cde20e263c9c5da2/mujoco-3.14.0-cp313-cp313-manylinux_2_27_aarch64.manylinux_2_28_aarch64.whl", hash = "sha256:60e31f3ca2320e9f9ab3b783b4189dad422047b42bb5a4fcfcaf04d371143448", size = 27122699, upload-time = "2026-09-22T17:30:49.172Z" },
    { url = "https://files.pythonhosted.org/packages/43/ad/1b18701aacf6c503df8d929ce76afe5327067828084e93964e860091f602/mujoco-3.14.0-cp313-cp313-manylinux_2_27_x86_64.manylinux_2_28_x86_64.whl", hash = "sha256:dd02d0744bd5bd802394ee03310fbc4c8e629cfa5ed3d5c2abc56c1914ae316e", size = 28741189, upload-time = "2026-09-22T17:30:52.511Z" },
    { url = "https://files.pythonhosted.org/packages/1e/52/9d226782c75e1ce8f14883bbaf7de6a65026ac7a31ade24bd58b0ee8733e/mujoco-3.14.0-cp313-cp313-win_amd64.whl", hash = "sha256:ef6967db38492a1b296c7d8dc7443ebd838ac2aac4593a64fe27a2b09315e371", size = 18524208, upload-time = "2026-09-22T17:30:55.252Z" },
]

[[package]]
name = "numpy"
version = "2.5.3"
source = { registry = "https://pypi.org/simple" }
sdist = { url = "https://files.pythonhosted.org/packages/13/01/11703282db468b85f6f7b8c7f22d058de5970d5c7e60a3a8aaa313c3de36/numpy-2.5.3.tar.gz", hash = "sha256:df2d5874ff183595a4ba404edd04f6bd9b5505c1d7708573f6a6c17489a67563", size = 20791231, upload-time = "2026-09-06T16:27:47.073Z" }
wheels = [
    { url = "https://files.pythonhosted.org/packages/d6/50/8fdbb16af64895706a45f06a4068e29db732ec180f3c1375f14123359138/numpy-2.5.3-cp312-cp312-macosx_10_13_x86_64.whl", hash = "sha256:cb189f09db39283b26bfd061ec16189e14f71c6755207f72a0f7540867afe5b9", size = 16994982, upload-time = "2026-09-06T16:24:29.244Z" },
    { url = "https://files.pythonhosted.org/packages/60/39/789131c1188c078dcb3a1692e72e1e050c68b88ffe72c9ccaac9bcd7a9cd/numpy-2.5.3-cp312-cp312-macosx_11_0_arm64.whl", hash = "sha256:f59a878c33d6b88122d80d239bb3b845d58708750b0cb06a09aebb9b18ec696c", size = 12009327, upload-time = "2026-09-06T16:24:32.491Z" },
    { url = "https://files.pythonhosted.org/packages/9c/59/a312e95696e5f601914dd8b6dd844692ba61670807417e24b68e337b5c70/numpy-2.5.3-cp312-cp312-macosx_14_0_arm64.whl", hash = "sha256:a72f874bc9e10e4b8f80426fb49716d5141f64442a0c8418065093ec8017fbb0", size = 5445405, upload-time = "2026-09-06T16:24:35.071Z" },
    { url = "https://files.pythonhosted.org/packages/30/d0/5623a1707ed4fe16e3909fe3cf5ee3da004ae677ad23d83bbf3adf1a6faf/numpy-2.5.3-cp312-cp312-macosx_14_0_x86_64.whl", hash = "sha256:fc36dc566135b5eceec4cf89758fcb719266a019ef07dae1754ae7c9f617ef3e", size = 6783213, upload-time = "2026-09-06T16:24:37.253Z" },
    { url = "https://files.pythonhosted.org/packages/f1/32/84146fc020ad3c25f805f70ab60da46fe3c540a21369754a7e4369754b6f/numpy-2.5.3-cp312-cp312-manylinux_2_27_aarch64.manylinux_2_28_aarch64.whl", hash = "sha256:76c2c1e6bfa5c84adc6434dfbf013aa92096a7985221762c8f11fedfd20fff58", size = 15687872, upload-time = "2026-09-06T16:24:39.751Z" },
    { url = "https://files.pythonhosted.org/packages/65/af/aa78d1a88805456e212b65461354cd943197fb9acecc4c90fd12295123a3/numpy-2.5.3-cp312-cp312-manylinux_2_27_x86_64.manylinux_2_28_x86_64.whl", hash = "sha256:b7e18c623bb5c95acb3b3328861272816ba199fb531921c5d6d0b675f1fde9e3", size = 16717410, upload-time = "2026-09-06T16:24:42.745Z" },
    { url = "https://files.pythonhosted.org/packages/3b/24/faa79d865e69a97ba17473b23a1b74094b2259c03e820c70297293b9ea49/numpy-2.5.3-cp312-cp312-musllinux_1_2_aarch64.whl", hash = "sha256:4f8929ee6c96bfbd7b4ed2032e0c03af86fe1826740ab61ddabf9072d06e57ff", size = 17040975, upload-time = "2026-09-06T16:24:45.961Z" },
    { url = "https://files.pythonhosted.org/packages/62/4a/8877e629445a7176297dffcaf9c485faa96a95d81728a62521ad55bd4c0f/numpy-2.5.3-cp312-cp312-musllinux_1_2_x86_64.whl", hash = "sha256:b5d93cf48f687479941d12b69c873ad2cc76bbd487f0091c2200636497f34034", size = 18476479, upload-time = "2026-09-06T16:24:49.35Z" },
    { url = "https://files.pythonhosted.org/packages/c8/db/35e1c2d38b04cbd5b731f9d71495e055e813197669d22b612f11748d2ff9/numpy-2.5.3-cp312-cp312-win32.whl", hash = "sha256:bf63afbe037eb5d2fe87fbcc7778e61da53ebaf21d938a4515aa73b62532a5d4", size = 6133378, upload-time = "2026-09-06T16:24:51.915Z" },
    { url = "https://files.pythonhosted.org/packages/3c/a1/accf6d4f0c80c5d9ba9735d6b1550e444180599f34dec69ca01360f717ad/numpy-2.5.3-cp312-cp312-win_amd64.whl", hash = "sha256:0a59a421a32580a009e8a1751345bf829631b990dc1794b80514ab722b435def", size = 12567828, upload-time = "2026-09-06T16:24:54.255Z" },
    { url = "https://files.pythonhosted.org/packages/22/43/1764aff32e4652526ae2f71fa8b3efd8d25c8a3d6926914454e47138ed1e/numpy-2.5.3-cp312-cp312-win_arm64.whl", hash = "sha256:ccb32e0525d29e8b0572eb84c9a57af0e7a4e615726927506f55063c62414034", size = 10485432, upload-time = "2026-09-06T16:24:57.278Z" },
    { url = "https://files.pythonhosted.org/packages/79/e5/8fb89cd46d14e35699d13bf943a5f5f441ecee8667120a1f6105ab89e349/numpy-2.5.3-cp313-cp313-macosx_10_13_x86_64.whl", hash = "sha256:66a78fe4556c60aceda5916f9eacd638b18e9e681016ec302dcb4682d6d4d034", size = 16991061, upload-time = "2026-09-06T16:25:00.411Z" },
    { url = "https://files.pythonhosted.org/packages/2f/06/9dc9e48b5e5e941c8b10350c5ff2d721da42a20517d911d15544246775ff/numpy-2.5.3-cp313-cp313-macosx_11_0_arm64.whl", hash = "sha256:92f30e89b8ee0ecf363033576c422b2f58fed6a80bed0aa48dff6d14c654663e", size = 12003676, upload-time = "2026-09-06T16:25:03.475Z" },
    { url = "https://files.pythonhosted.org/packages/ab/2a/98282aa5b8f58b1157d440bb6282eed47e3632a5de53a714fbab17e659fe/numpy-2.5.3-cp313-cp313-macosx_14_0_arm64.whl", hash = "sha256:f9a2353b37a1a9e78fd82b27ad7e2a32a2d036604d18f02b05e3136c62ca3b09", size = 5439695, upload-time = "2026-09-06T16:25:05.978Z" },
    { url = "https://files.pythonhosted.org/packages/a1/f9/b6533d777be9d6ffd29dc1be0867e563e6e8cc9a220ff1b716adc317f060/numpy-2.5.3-cp313-cp313-macosx_14_0_x86_64.whl", hash = "sha256:ccbc4665079665c3cf3bab4db9f6b095370cd6437d66be549b6c2a1fd19e1958", size = 6779395, upload-time = "2026-09-06T16:25:08.599Z" },
    { url = "https://files.pythonhosted.org/packages/73/85/735720d04ec197c5dcfacdfc9922667c7f1f5f496a279b7ba4d7c74c4cc7/numpy-2.5.3-cp313-cp313-manylinux_2_27_aarch64.manylinux_2_28_aarch64.whl", hash = "sha256:c76d5dde9f445058f83d0c02af00557a4db91de9a9a57c0df87d1535001d654b", size = 15681750, upload-time = "2026-09-06T16:25:11.173Z" },
    { url = "https://files.pythonhosted.org/packages/3a/1b/3b16a9bc514a440a7a0883684111dcb1ef1aee960af2ca95da8fc775f124/numpy-2.5.3-cp313-cp313-manylinux_2_27_x86_64.manylinux_2_28_x86_64.whl", hash = "sha256:a5fa86b80fd24bcd1aff83ad23be44ea323de3f787be8f8b15d4a65621e25321", size = 16708577, upload-time = "2026-09-06T16:25:14.171Z" },
    { url = "https://files.pythonhosted.org/packages/69/c4/386f397831b07328b639c96c5b62719346cf4baf07c68d927239752b1534/numpy-2.5.3-cp313-cp313-musllinux_1_2_aarch64.whl", hash = "sha256:bd4cb9ad3c7889b9b3fe0a9a9fb5d2ed26f9879bff2608d9f01aed147a20d231", size = 17042047, upload-time = "2026-09-06T16:25:17.582Z" },
    { url = "https://files.pythonhosted.org/packages/5f/3e/a700ecbf36e85ae8328fd3b0e12eeddc22ed6358a64cb2bd913e0d195d65/numpy-2.5.3-cp313-cp313-musllinux_1_2_x86_64.whl", hash = "sha256:1302b90c0e52281681b2975adfe8a860cb7b12216a27b4b0b4207c44bf7bccf0", size = 18465724, upload-time = "2026-09-06T16:25:20.949Z" },
    { url = "https://files.pythonhosted.org/packages/41/ee/38e785e88a4045f6ad1d1f2808dcdfafdca48c760260c0587bf171e29fc9/numpy-2.5.3-cp313-cp313-win32.whl", hash = "sha256:1c80eabb4035ecf4ca9cd49cde8a9fdd69a729e63e6474887d1523ade7aa277f", size = 6129003, upload-time = "2026-09-06T16:25:23.664Z" },
    { url = "https://files.pythonhosted.org/packages/f3/ec/100f2b1794ede74a9b3d7ec6b9736927f56713414c1dfe19ab6c383494bf/numpy-2.5.3-cp313-cp313-win_amd64.whl", hash = "sha256:71cad2b2a7451ab79d8f5e71b453485b6775963d5cf794179144a7463fe6e8ec", size = 12560965, upload-time = "2026-09-06T16:25:26.602Z" },
    { url = "https://files.pythonhosted.org/packages/80/b1/7dc825ca94c12acebbce4c37caa5e198695eb31424bc579679f32b1bb49d/numpy-2.5.3-cp313-cp313-win_arm64.whl", hash = "sha256:8e4dd766076855b5ff7ea52fa5f07ce26286726e0f8bff446b7739d02e6ea204", size = 10482343, upload-time = "2026-09-06T16:25:29.772Z" },
]

[[package]]
name = "packaging"
version = "26.3"
source = { registry = "https://pypi.org/simple" }
sdist = { url = "https://files.pythonhosted.org/packages/7d/fa/3944b40b07da9ce895c0e6303a5ab7d53da063554f534556b134a54d6093/packaging-26.3.tar.gz", hash = "sha256:94edc256424af38762eb31306eed28beb9f0efc50a8837492c9d6fd6004aed79", size = 313412, upload-time = "2026-08-04T18:15:28.737Z" }
wheels = [
    { url = "https://files.pythonhosted.org/packages/63/34/ba1c580383c9eada3711951fef0795c80b829a078d72188184bcab9dd527/packaging-26.3-py3-none-any.whl", hash = "sha256:d7193f7c8e4e93f444fde0262bf90af30e16fa0ad0ad44cb553c87339b23cd1c", size = 129956, upload-time = "2026-08-04T18:15:27.159Z" },
]

[[package]]
name = "pluggy"
version = "1.6.0"
source = { registry = "https://pypi.org/simple" }
sdist = { url = "https://files.pythonhosted.org/packages/f9/e2/3e91f31a7d2b083fe6ef3fa267035b518369d9511ffab804f839851d2779/pluggy-1.6.0.tar.gz", hash = "sha256:7dcc130b76258d33b90f61b658791dede3486c3e6bfb003ee5c9bfb396dd22f3", size = 69412, upload-time = "2025-05-15T12:30:07.975Z" }
wheels = [
    { url = "https://files.pythonhosted.org/packages/54/20/4d324d65cc6d9205fabedc306948156824eb9f0ee1633355a8f7ec5c66bf/pluggy-1.6.0-py3-none-any.whl", hash = "sha256:e920276dd6813095e9377c0bc5566d94c932c33b27a3e3945d8389c374dd4746", size = 20538, upload-time = "2025-05-15T12:30:06.134Z" },
]

[[package]]
name = "pygments"
version = "2.21.0"
source = { registry = "https://pypi.org/simple" }
sdist = { url = "https://files.pythonhosted.org/packages/49/2e/ced460408999b33da6b31b0021b0f37d329e202d4169aeb164493778f25b/pygments-2.21.0.tar.gz", hash = "sha256:610ca751c9bc2492b38eb9a38a7fbc93edbbb2d7182edaf34e66ae493dee5c8c", size = 5005329, upload-time = "2026-08-17T08:02:48.824Z" }
wheels = [
    { url = "https://files.pythonhosted.org/packages/71/46/17f022dd3e953bf20a04a028a21ec746d942f8d2af30fa0f124fa0e6a684/pygments-2.21.0-py3-none-any.whl", hash = "sha256:2363c69b61c4a97c838da3b130dcd6468f4848992b21a82f2a63ec34377137d9", size = 1250147, upload-time = "2026-08-17T08:02:44.912Z" },
]

[[package]]
name = "pyopengl"
version = "3.1.10"
source = { registry = "https://pypi.org/simple" }
sdist = { url = "https://files.pythonhosted.org/packages/6f/16/912b7225d56284859cd9a672827f18be43f8012f8b7b932bc4bd959a298e/pyopengl-3.1.10.tar.gz", hash = "sha256:c4a02d6866b54eb119c8e9b3fb04fa835a95ab802dd96607ab4cdb0012df8335", size = 1915580, upload-time = "2025-08-18T02:33:01.76Z" }
wheels = [
    { url = "https://files.pythonhosted.org/packages/de/e4/1ba6f44e491c4eece978685230dde56b14d51a0365bc1b774ddaa94d14cd/pyopengl-3.1.10-py3-none-any.whl", hash = "sha256:794a943daced39300879e4e47bd94525280685f42dbb5a998d336cfff151d74f", size = 3194996, upload-time = "2025-08-18T02:32:59.902Z" },
]

[[package]]
name = "pytest"
version = "9.1.1"
source = { registry = "https://pypi.org/simple" }
dependencies = [
    { name = "colorama", marker = "sys_platform == 'win32'" },
    { name = "iniconfig" },
    { name = "packaging" },
    { name = "pluggy" },
    { name = "pygments" },
]
sdist = { url = "https://files.pythonhosted.org/packages/e4/47/b9efed96c114afcfa3c9d3fe98a76a1d14c74a9e266d397cf6eb64be5e01/pytest-9.1.1.tar.gz", hash = "sha256:1088fbde8f2b49d95a549a195707afa7a76a3ce9bcadc26b6d71f0ffda5fe313", size = 1636369, upload-time = "2026-06-19T10:58:32.857Z" }
wheels = [
    { url = "https://files.pythonhosted.org/packages/24/25/1de2678b631f5a49215c6c96fff41ba892b0a34df68d6d80292b1b48aa7f/pytest-9.1.1-py3-none-any.whl", hash = "sha256:37a86b45efb9a47a61a36449063e8e18d0cab3161329fc099eb21783169c4f0c", size = 386536, upload-time = "2026-06-19T10:58:31.347Z" },
]

[[package]]
name = "scipy"
version = "1.18.1"
source = { registry = "https://pypi.org/simple" }
dependencies = [
    { name = "numpy" },
]
sdist = { url = "https://files.pythonhosted.org/packages/7e/74/66de6258867beb2ef08f35f9f2ac017a52cacd5081714d239ff1a442d458/scipy-1.18.1.tar.gz", hash = "sha256:52c4b7422442aba924d03ad4019852b08a92e64ea187b933135687bfe2747307", size = 30781235, upload-time = "2026-08-21T23:28:50.599Z" }
wheels = [
    { url = "https://files.pythonhosted.org/packages/18/f7/240c110c08693826b4513a52f5717d62ec7c7af72f2920821247c03b17b3/scipy-1.18.1-cp312-cp312-macosx_10_15_x86_64.whl", hash = "sha256:457fd7a2a8edeb044ab6ffbc0aa03ff6cd18491356e5e0c834d76ce621b916d1", size = 31111061, upload-time = "2026-08-21T23:23:44.522Z" },
    { url = "https://files.pythonhosted.org/packages/05/4a/78c6285577c375e7cf27277ea8ee6961224327f1e1a0c44af5f17f23635c/scipy-1.18.1-cp312-cp312-macosx_12_0_arm64.whl", hash = "sha256:e708533e8b2ae2497d65346538a7dcc92814410b25b81432eac66de0f2af8265", size = 28733332, upload-time = "2026-08-21T23:23:50.015Z" },
    { url = "https://files.pythonhosted.org/packages/a5/f6/a5b82f8abbe14d134691b8b903696f701d25a081353a29dc655c364d9e62/scipy-1.18.1-cp312-cp312-macosx_14_0_arm64.whl", hash = "sha256:7bbf207c4453ce1ad2e00b17313852b33310b83090c2311bdaf97f93c0380d12", size = 20475078, upload-time = "2026-08-21T23:23:54.138Z" },
    { url = "https://files.pythonhosted.org/packages/23/22/0858a0bbd6b3e825ceb8cd9baf9eaf3b2f2b1d77727eb6be40500bcdc92f/scipy-1.18.1-cp312-cp312-macosx_14_0_x86_64.whl", hash = "sha256:78c0665edead396b1abb4897c41a5c1d9bf090c8a637a4c20a61678e0a264e66", size = 23108904, upload-time = "2026-08-21T23:23:57.824Z" },
    { url = "https://files.pythonhosted.org/packages/75/9a/2e71719f31eaefe0e3a1706c4a1ded94e664bfd95ffca2b219a671faee01/scipy-1.18.1-cp312-cp312-manylinux_2_27_aarch64.manylinux_2_28_aarch64.whl", hash = "sha256:3c085faa2cfa879c5141df483f836f4d691045a078224a670fa570fa01612d89", size = 34025113, upload-time = "2026-08-21T23:24:02.209Z" },
    { url = "https://files.pythonhosted.org/packages/df/64/ff35eb9e54894cf471ff4716abd3c81eb0a0626869217ce3e6ba4ccf17d7/scipy-1.18.1-cp312-cp312-manylinux_2_27_x86_64.manylinux_2_28_x86_64.whl", hash = "sha256:f55fa87b6c612ecd6b058f167c53231b1d14e412efe361d3d6e38b3631c73218", size = 35344199, upload-time = "2026-08-21T23:24:07.844Z" },
    { url = "https://files.pythonhosted.org/packages/d3/af/c5538be1792f7034c12c7db6ee67cace58253c7b87b122d68253eaf5de89/scipy-1.18.1-cp312-cp312-musllinux_1_2_aarch64.whl", hash = "sha256:c35d74ce0e193ff740c2f2be2ac913ddc232fe6c1ff40b26cfecb9c670c63314", size = 35639587, upload-time = "2026-08-21T23:24:13.05Z" },
    { url = "https://files.pythonhosted.org/packages/91/4c/075e4f66471bac101141ac739e9e135549be1bae584571bd03a530c056e1/scipy-1.18.1-cp312-cp312-musllinux_1_2_x86_64.whl", hash = "sha256:d2924a03db38dc2e848bca2fe9f077dafb891480b91a00a0963a8cf86dfc31c1", size = 37480330, upload-time = "2026-08-21T23:24:19.608Z" },
    { url = "https://files.pythonhosted.org/packages/39/e7/979fd14e75008623df31ba70d6bb144700f68feadcea042021c06a05bf82/scipy-1.18.1-cp312-cp312-win_amd64.whl", hash = "sha256:5e4d44984abc0020154ea81b247adeddcc3ac5527b975ff798bd1ba0adc513c2", size = 36658278, upload-time = "2026-08-21T23:24:25.463Z" },
    { url = "https://files.pythonhosted.org/packages/c7/0b/e1525354ff9d7d5feb6d1b31af6d14072e5c91e9607b421fa1ec889660b3/scipy-1.18.1-cp312-cp312-win_arm64.whl", hash = "sha256:d65d448389b8436493abcf629cc94ad0cf32aecaf06e1acca1de53cc795f2f12", size = 24400588, upload-time = "2026-08-21T23:24:30.579Z" },
    { url = "https://files.pythonhosted.org/packages/b6/55/4540ee0f9c42a9ad7109d0d1a8cc70de54c3572b01c6693a2b1c70e90ceb/scipy-1.18.1-cp313-cp313-macosx_10_15_x86_64.whl", hash = "sha256:3ab3523da44749156e1f68b464dc56af11ae4cbc5c739a49d05f32b982eca9f3", size = 31089958, upload-time = "2026-08-21T23:24:35.8Z" },
    { url = "https://files.pythonhosted.org/packages/2a/f5/769f36d14922b8071a43e95d24d18b6bdafad10d7f5cf647867e1ac052bc/scipy-1.18.1-cp313-cp313-macosx_12_0_arm64.whl", hash = "sha256:e6fb6a55cc0ba97b59a1f288fb86dc6fce8bdfc0fffcbfd015e3a954bf2a2d93", size = 28715106, upload-time = "2026-08-21T23:24:40.775Z" },
    { url = "https://files.pythonhosted.org/packages/9a/d7/21d890274f75ea37a8209d5519e72da3da90302e3b9fb8397a0918386a62/scipy-1.18.1-cp313-cp313-macosx_14_0_arm64.whl", hash = "sha256:ea324d9dd34c38bfb9bec8ca4d1b407db97dbb74029f566b8e322b1b6fe56fe6", size = 20456846, upload-time = "2026-08-21T23:24:45.066Z" },
    { url = "https://files.pythonhosted.org/packages/ec/01/798430ecea2e78ec7c02663d5f71c007bb6abeca931080debd40d7fa55ea/scipy-1.18.1-cp313-cp313-macosx_14_0_x86_64.whl", hash = "sha256:75b00eb8fb802090aa903f4ea1c7f5a584779f967361e68b7e98e531cc2d7174", size = 23087986, upload-time = "2026-08-21T23:24:49.539Z" },
    { url = "https://files.pythonhosted.org/packages/e6/5f/4634e9d35c68496e4e34cb6946eafab044458e6cedab42b40b6588e475b6/scipy-1.18.1-cp313-cp313-manylinux_2_27_aarch64.manylinux_2_28_aarch64.whl", hash = "sha256:d416b16cccfd70fbf62400e84d0bb2f4e6af519a45557f1692c749b37f14b315", size = 33998146, upload-time = "2026-08-21T23:24:54.714Z" },
    { url = "https://files.pythonhosted.org/packages/41/48/6450ed9243315322bbc19ac57b9b70d66a20bf1d38d124c96bc4bf6af9ea/scipy-1.18.1-cp313-cp313-manylinux_2_27_x86_64.manylinux_2_28_x86_64.whl", hash = "sha256:fdaf5ea890a6183d0565f51a61799d67081bd5b1cf03c5f4b3fd3732108625c9", size = 35312578, upload-time = "2026-08-21T23:25:00.44Z" },
    { url = "https://files.pythonhosted.org/packages/00/bd/bf5a4be6a3525676499f6dff307991739ff6fdcad1481b1aeb6745339f58/scipy-1.18.1-cp313-cp313-musllinux_1_2_aarch64.whl", hash = "sha256:c825cef2f49e46753726a7181a8e199804a912b29519ada542c6ebc654951899", size = 35612621, upload-time = "2026-08-21T23:25:06.144Z" },
    { url = "https://files.pythonhosted.org/packages/bd/4e/3c45c33e00a77996c4b1cb707929f833ba7b1d522ee29f882512c330676d/scipy-1.18.1-cp313-cp313-musllinux_1_2_x86_64.whl", hash = "sha256:e3b417bf8c2c7c16e8f58ad91db17783ec911ac16e7b50eb6eab6e809b4f5b07", size = 37457323, upload-time = "2026-08-21T23:25:12.483Z" },
    { url = "https://files.pythonhosted.org/packages/93/0e/e0348fbc0dbab65c114cf78957e7dfeb49f8e8b556b4d930cc12ff195e18/scipy-1.18.1-cp313-cp313-win_amd64.whl", hash = "sha256:559ed65f60c1af5a03f3912605a1b5114f522c7c32fb23c3376ae8f03219fe28", size = 36622841, upload-time = "2026-08-21T23:25:18.722Z" },
    { url = "https://files.pythonhosted.org/packages/50/a8/6a77f5f267c555108f0a864b6db714363dab567a8266422a79a385f9232b/scipy-1.18.1-cp313-cp313-win_arm64.whl", hash = "sha256:cd479fc04dd9401e3b4f49e76518768ef99c4f517a98c284eb091fd725719adf", size = 24399315, upload-time = "2026-08-21T23:25:23.458Z" },
]

[[package]]
name = "tendril"
version = "0.1.0"
source = { editable = "." }
dependencies = [
    { name = "mujoco" },
    { name = "numpy" },
    { name = "scipy" },
]

[package.optional-dependencies]
test = [
    { name = "pytest" },
]

[package.metadata]
requires-dist = [
    { name = "mujoco", specifier = "==3.14.0" },
    { name = "numpy", specifier = ">=2.2,<3" },
    { name = "pytest", marker = "extra == 'test'", specifier = ">=8,<10" },
    { name = "scipy", specifier = ">=1.15,<2" },
]
provides-extras = ["test"]

[[package]]
name = "typing-extensions"
version = "4.16.0"
source = { registry = "https://pypi.org/simple" }
sdist = { url = "https://files.pythonhosted.org/packages/f6/cc/6253133b5bb138fc3306cebfbda2c520f545d36b5be2c7255cc528bb45d6/typing_extensions-4.16.0.tar.gz", hash = "sha256:dc983d19a509c94dba722ee6abd33940f7c05a89e243c47e907eb4db6f1a43e5", size = 113555, upload-time = "2026-07-02T08:40:05.92Z" }
wheels = [
    { url = "https://files.pythonhosted.org/packages/49/d3/b8441a820a491ddfc024b0b0cf0393375b75ea13866d9c66727e54c2fc80/typing_extensions-4.16.0-py3-none-any.whl", hash = "sha256:481caa481374e813c1b176ada14e97f1f67a4539ce9cfeb3f350d78d6370c2e8", size = 45571, upload-time = "2026-07-02T08:40:04.659Z" },
]

[[package]]
name = "websockets"
version = "17.1"
source = { registry = "https://pypi.org/simple" }
sdist = { url = "https://files.pythonhosted.org/packages/18/72/fba934cb3dff7a85d811820efffcd141ddd52b5a2a01637f64551373ff4d/websockets-17.1.tar.gz", hash = "sha256:acfea4c20bf54384883ea33b1240fc1db4f52e190823a4e2b334bc3e8bfca96a", size = 187520, upload-time = "2026-08-26T17:25:33.063Z" }
wheels = [
    { url = "https://files.pythonhosted.org/packages/a6/0d/098f23c4c858e5de9459ffc554fa07d5493fbcfca7f040b5800cf1cecc35/websockets-17.1-cp312-cp312-macosx_10_13_universal2.whl", hash = "sha256:76dd004f59115087c7b700474cb18f01325e37250032e19396c08ae41448e4b3", size = 217015, upload-time = "2026-08-26T14:55:45.194Z" },
    { url = "https://files.pythonhosted.org/packages/13/86/bc1317b1a4d8c4688e2a7e564b5e004dab44c2534d7ca05de6ae9a863fca/websockets-17.1-cp312-cp312-macosx_10_13_x86_64.whl", hash = "sha256:581fa678ef46f4277cc8491312468e582f8ad609dbab907ba6096a08c6a0ff98", size = 214692, upload-time = "2026-08-26T14:55:46.366Z" },
    { url = "https://files.pythonhosted.org/packages/8f/e7/df821761772beaa48c211ee0e234930b35c1473778470773823f56d3911b/websockets-17.1-cp312-cp312-macosx_11_0_arm64.whl", hash = "sha256:87f0d5e77548b0c40c8464cdb6108792e7e53f487c6400028a4ec28a8afbe5ab", size = 214959, upload-time = "2026-08-26T14:55:47.885Z" },
    { url = "https://files.pythonhosted.org/packages/3e/92/c3fb72f11764812fc648bf3838d224972427b348e8b3989d9e0a9df87da3/websockets-17.1-cp312-cp312-manylinux1_i686.manylinux_2_28_i686.manylinux_2_5_i686.whl", hash = "sha256:882af300d2c6a092b93767d5de03c7bb56dfb06314140c8e872d3f48e09f7b74", size = 224278, upload-time = "2026-08-26T14:55:49.241Z" },
    { url = "https://files.pythonhosted.org/packages/fb/05/9f82d090c8d2d861604147ef6dfb938a90b039f9358d5193f1df62558593/websockets-17.1-cp312-cp312-manylinux1_x86_64.manylinux_2_28_x86_64.manylinux_2_5_x86_64.whl", hash = "sha256:0c863507ada5805517ca6dff1c524dcd42942efe6304dacf06700878398d21a6", size = 224557, upload-time = "2026-08-26T14:55:50.348Z" },
    { url = "https://files.pythonhosted.org/packages/8a/50/5cbf677b865290fe36819ff00615826e7edc1df38786f770123ff39a933d/websockets-17.1-cp312-cp312-manylinux2014_aarch64.manylinux_2_17_aarch64.manylinux_2_28_aarch64.whl", hash = "sha256:d41ef69d5416fbc1d98cf96c37be6192d10fd101c3e0f8b3ddc36e09432b3c08", size = 225791, upload-time = "2026-08-26T14:55:51.75Z" },
    { url = "https://files.pythonhosted.org/packages/c1/1c/eb8a032285243381b09a221ae384c972d5000453ad136add4d1595cec798/websockets-17.1-cp312-cp312-manylinux2014_armv7l.manylinux_2_17_armv7l.manylinux_2_31_armv7l.whl", hash = "sha256:5aefe78e6a3077fe22b5e64b04666a85a3eb8b934d40e8595a693adcbceb6f11", size = 228574, upload-time = "2026-08-26T14:55:52.922Z" },
    { url = "https://files.pythonhosted.org/packages/69/85/413736251cb3ac04ce84cbd90e893d9a36a9698d4820b323aff3aa187e50/websockets-17.1-cp312-cp312-manylinux2014_ppc64le.manylinux_2_17_ppc64le.manylinux_2_28_ppc64le.whl", hash = "sha256:f64e001bb7fa89b9f32cfa600bf8e9ac8ca26759d9b92ae01453ee303d9cd7b4", size = 226428, upload-time = "2026-08-26T14:55:54.263Z" },
    { url = "https://files.pythonhosted.org/packages/d2/2b/a08bcc7fa1ca81a10f84ba32b6e6edd73a913f4b0c2640eed1fd626efacd/websockets-17.1-cp312-cp312-manylinux2014_s390x.manylinux_2_17_s390x.manylinux_2_28_s390x.whl", hash = "sha256:677014a073bcb1fbaa7e21144786864f16c08f856d66834f611eceb9006cbab8", size = 225184, upload-time = "2026-08-26T14:55:55.943Z" },
    { url = "https://files.pythonhosted.org/packages/e5/8a/3bd2d0cf6b148c8c866d5d9fdcde30c04bfd81fdfac86813e69377eb4448/websockets-17.1-cp312-cp312-manylinux_2_31_riscv64.manylinux_2_39_riscv64.whl", hash = "sha256:0de501b7f2db11e83739ac20e2d33d46da4604b829f506c24be80e7def069391", size = 222430, upload-time = "2026-08-26T14:55:57.103Z" },
    { url = "https://files.pythonhosted.org/packages/3b/c9/8e891ae342668735eabbbc669895e15195e4b45f24a4beeb58af76f414c7/websockets-17.1-cp312-cp312-musllinux_1_2_aarch64.whl", hash = "sha256:f62114a54117e4948a1e414e89521f7fe1e3c2f83f2a571a06a4fc6718b0900a", size = 225227, upload-time = "2026-08-26T14:55:58.375Z" },
    { url = "https://files.pythonhosted.org/packages/e1/6f/c816f332dca11425e9bda7c07f7573eb5c5f8a735849d02b0d81e8ee20fa/websockets-17.1-cp312-cp312-musllinux_1_2_armv7l.whl", hash = "sha256:eec113a5b41d124ef42ff56b0d74a6da3fd986400038eab9e58ee42a4024e837", size = 223831, upload-time = "2026-08-26T14:55:59.664Z" },
    { url = "https://files.pythonhosted.org/packages/53/67/5e91d5308ce24fc1ec74f56536c12f4888bad45ff5ea50f3180f8c518c57/websockets-17.1-cp312-cp312-musllinux_1_2_i686.whl", hash = "sha256:5f051f8030a51815dc00e24bd2e5f1435af095c1cc111d747ac6e2a3620d7641", size = 224600, upload-time = "2026-08-26T14:56:00.873Z" },
    { url = "https://files.pythonhosted.org/packages/bb/96/faa298ecf2570d35b0eb37caddf4992178d907e108ed74bfffb6bc092c29/websockets-17.1-cp312-cp312-musllinux_1_2_ppc64le.whl", hash = "sha256:655a8e28010f09fd6fa317e857afab3af7647f33e41dee88fa421e92086d1090", size = 225707, upload-time = "2026-08-26T14:56:02.001Z" },
    { url = "https://files.pythonhosted.org/packages/0b/12/5710d2482ca5061c1eec5eb46f6313837c760d4115b1795c85b6c08be4e3/websockets-17.1-cp312-cp312-musllinux_1_2_riscv64.whl", hash = "sha256:dc2b79afc074d2f3e64b26539350f697fe1b85ea1c49ea24eb588f247b053ce1", size = 223263, upload-time = "2026-08-26T14:56:03.092Z" },
    { url = "https://files.pythonhosted.org/packages/27/47/0c30f4eebfd1d93fae779d268f678d48847fb98516f5200849574eee8820/websockets-17.1-cp312-cp312-musllinux_1_2_s390x.whl", hash = "sha256:e4bd7eacb87d8cf3ed70d6392c770a0d92441f05d7d2a3efafb5bc171d5e3067", size = 224244, upload-time = "2026-08-26T14:56:04.321Z" },
    { url = "https://files.pythonhosted.org/packages/41/33/46c256195a1255079ae23d1b1267b2e1843dc5f46a67f973cdf2a3523dff/websockets-17.1-cp312-cp312-musllinux_1_2_x86_64.whl", hash = "sha256:ccbf3f4a9890d50b3a08ee04029fde30a03bfdeffaa19977628bf17251764e60", size = 224520, upload-time = "2026-08-26T14:56:05.521Z" },
    { url = "https://files.pythonhosted.org/packages/06/9a/aef0792731df4352e5f417369b532b3325fe434765ca90c193f594ae1e67/websockets-17.1-cp312-cp312-win32.whl", hash = "sha256:7e724f843fa6a0614aece65a7c73e51d0f4412ca41dccac13c3caf98e69536bb", size = 217485, upload-time = "2026-08-26T14:56:06.715Z" },
    { url = "https://files.pythonhosted.org/packages/50/23/493ecfdaf32898e5ea24dc900e33e5e317f9662d5d9ab2d44b2e111b4e1c/websockets-17.1-cp312-cp312-win_amd64.whl", hash = "sha256:617243e19a0992095956f406ee9cd3bc4ba92862d83cb1d83bb59ce574412bec", size = 217786, upload-time = "2026-08-26T14:56:08.055Z" },
    { url = "https://files.pythonhosted.org/packages/97/3d/91954e2f7876f74ce1213e9b92c65a63b559cc4b942a931ebeb351cd9932/websockets-17.1-cp312-cp312-win_arm64.whl", hash = "sha256:9f4a08ff7cb68c27b18e09223cc6304e01d0f82d5a240d251266dfd2e6e44729", size = 217711, upload-time = "2026-08-26T14:56:09.267Z" },
    { url = "https://files.pythonhosted.org/packages/1d/31/5f6450a7879f4f063ef08897cc385ea3ce3f1fe17f08b11e3fd959abdf27/websockets-17.1-cp313-cp313-macosx_10_13_universal2.whl", hash = "sha256:2a0162a6372110a5601cb5c9fd826635cedf69f3e110c545dd19774e040b970e", size = 217006, upload-time = "2026-08-26T14:56:10.509Z" },
    { url = "https://files.pythonhosted.org/packages/d0/2a/c1b006fc861695d2aa4e35327b842015ce1d98cf8f99241829b3d6460bfc/websockets-17.1-cp313-cp313-macosx_10_13_x86_64.whl", hash = "sha256:829dba1bc049779de9b332088c1a6a9858e96bd67e50b6b644a95e02b67836bc", size = 214690, upload-time = "2026-08-26T14:56:11.681Z" },
    { url = "https://files.pythonhosted.org/packages/46/69/66e5b7d01445e0eeb1d4ab419c30315f2c90cf7a8a8cd4ecc47f894dba54/websockets-17.1-cp313-cp313-macosx_11_0_arm64.whl", hash = "sha256:fd8f47dbf2e8adb15c847215f83436de3fdb120b51fdae0fbbdf69fd97a3ad80", size = 214947, upload-time = "2026-08-26T14:56:12.923Z" },
    { url = "https://files.pythonhosted.org/packages/07/ce/033cafe2d2538562efa876b9149a2c7a0f7787870a4b1bb6e28adc9ceb6b/websockets-17.1-cp313-cp313-manylinux1_i686.manylinux_2_28_i686.manylinux_2_5_i686.whl", hash = "sha256:9f4c0377a83e163a303514fdfab501dbe379bdc13e5b9312a91d112658b29dce", size = 224329, upload-time = "2026-08-26T14:56:14.212Z" },
    { url = "https://files.pythonhosted.org/packages/34/c7/e1c2e8a67f6cc0aa43abe0046fb3b7a020980649e6a843751dc7ce9eb170/websockets-17.1-cp313-cp313-manylinux1_x86_64.manylinux_2_28_x86_64.manylinux_2_5_x86_64.whl", hash = "sha256:c3241d684a76eaaef8b2dc789afde4343cd3aad55ea81e4e8ab3605b529bae51", size = 224611, upload-time = "2026-08-26T14:56:15.702Z" },
    { url = "https://files.pythonhosted.org/packages/be/de/07c6d48eb3d2069709410c851e7de10ab83d752c4bd09862899627c2729b/websockets-17.1-cp313-cp313-manylinux2014_aarch64.manylinux_2_17_aarch64.manylinux_2_28_aarch64.whl", hash = "sha256:e5f5c7a893507d0e83a80b88aefd6522f7e882cd53f9722c6f23f5a020c9557c", size = 225848, upload-time = "2026-08-26T14:56:16.962Z" },
    { url = "https://files.pythonhosted.org/packages/f3/dd/3c68572d20509648cc2fb6f50ccf3deeb4b87270f2c8966e99476e278ea3/websockets-17.1-cp313-cp313-manylinux2014_armv7l.manylinux_2_17_armv7l.manylinux_2_31_armv7l.whl", hash = "sha256:00bf34b64501e3477e81fc281532ff3cbf4da26633c10b63979d5085d46602d3", size = 227290, upload-time = "2026-08-26T14:56:18.204Z" },
    { url = "https://files.pythonhosted.org/packages/0a/4a/8f6651c8a22093539c9215af0c5bbf217b87b382c99d2112039b92d593c2/websockets-17.1-cp313-cp313-manylinux2014_ppc64le.manylinux_2_17_ppc64le.manylinux_2_28_ppc64le.whl", hash = "sha256:ce0305b702b20d1e1d60a9aaace6bc89970e1753565543f310d549eab22c2435", size = 226476, upload-time = "2026-08-26T14:56:19.459Z" },
    { url = "https://files.pythonhosted.org/packages/f5/be/f6fc33cea86b1127fd1297b18c107e81580ab55a73a39f9a934441ef321f/websockets-17.1-cp313-cp313-manylinux2014_s390x.manylinux_2_17_s390x.manylinux_2_28_s390x.whl", hash = "sha256:29176d8b429cfa0fa443c473878d37a5c06cfd0cb36b71ba4314accc71e05906", size = 225233, upload-time = "2026-08-26T14:56:20.939Z" },
    { url = "https://files.pythonhosted.org/packages/cb/83/65edaf05f7c9b1dea82f4d252fdc37706a84571646f06119a27b0a16fe19/websockets-17.1-cp313-cp313-manylinux_2_31_riscv64.manylinux_2_39_riscv64.whl", hash = "sha256:3709a1ab30b4b922027d22f68d2b61a0656a91680ac894a537624e6be7dd7f7c", size = 222488, upload-time = "2026-08-26T14:56:22.208Z" },
    { url = "https://files.pythonhosted.org/packages/07/42/d1169c2f7f1f0032b0d4b0c00f0711a070cd7c735de37bfeb876bc0f9606/websockets-17.1-cp313-cp313-musllinux_1_2_aarch64.whl", hash = "sha256:43bd0c1ceb924d67f5c1a5254d8361dd9d94246e6331a726064dfa2917880780", size = 225295, upload-time = "2026-08-26T14:56:23.445Z" },
    { url = "https://files.pythonhosted.org/packages/a6/f4/64e2a386c3899b917c2933225c9b47887874229d159797f3bf1a11c20d51/websockets-17.1-cp313-cp313-musllinux_1_2_armv7l.whl", hash = "sha256:1fce0f43e0d41422e0b2cad6561e1970df22f212f4c7e884967df7cf591b031c", size = 223891, upload-time = "2026-08-26T14:56:24.647Z" },
    { url = "https://files.pythonhosted.org/packages/26/b3/dfb5c482f7e310a3432fdbb045ddfe6d34114680e89a233d4ff900a32961/websockets-17.1-cp313-cp313-musllinux_1_2_i686.whl", hash = "sha256:4031152769179ab8dcdeafc7b0e58052a49117560a28671700b47b2c7b717aad", size = 224661, upload-time = "2026-08-26T14:56:26.027Z" },
    { url = "https://files.pythonhosted.org/packages/a4/cf/94865130a336029f46412adc127c4fbe380f46172b90ce251369e35c4302/websockets-17.1-cp313-cp313-musllinux_1_2_ppc64le.whl", hash = "sha256:a06f3b5085176763182449559e20391d7ce616a8972a9f7a33deda87ea6d4f3c", size = 225766, upload-time = "2026-08-26T14:56:27.455Z" },
    { url = "https://files.pythonhosted.org/packages/96/34/eb8c658f86dfe562ed49a887a27424bfe9e618c26ea6f865b093d075d3a6/websockets-17.1-cp313-cp313-musllinux_1_2_riscv64.whl", hash = "sha256:77b37cceca17291897c3c73bd30a7c7c7909593554b5da574ec852af83c1742a", size = 223323, upload-time = "2026-08-26T14:56:28.807Z" },
    { url = "https://files.pythonhosted.org/packages/1b/7e/2629609652ece5ca0c7ac235927dd4511b08131e3a5d53439b798fddf002/websockets-17.1-cp313-cp313-musllinux_1_2_s390x.whl", hash = "sha256:d8e83333385cac6030a5167fd18bf96cc6c58b914c308e683f05b0cf94bc8dd0", size = 224276, upload-time = "2026-08-26T14:56:29.991Z" },
    { url = "https://files.pythonhosted.org/packages/a1/6b/8525737fe840b38e5f40956c198fb586a4fac1e07144d41a5b949b989cf8/websockets-17.1-cp313-cp313-musllinux_1_2_x86_64.whl", hash = "sha256:073c5c3f7e127041fa9d34a9e29ceefee8c3cafbd267ed2927318f425144380d", size = 224558, upload-time = "2026-08-26T14:56:31.184Z" },
    { url = "https://files.pythonhosted.org/packages/74/ab/3a958c6cbcf74b118f601c20a80ac8bd5e8dfec0bcf7345116feaeefb121/websockets-17.1-cp313-cp313-win32.whl", hash = "sha256:2afb58c7ba48b329d56769f8dfd89f394efe587b65ef806bae810a484d6d3608", size = 217475, upload-time = "2026-08-26T14:56:32.431Z" },
    { url = "https://files.pythonhosted.org/packages/22/36/fb521f0f2994c25509651f169efe5582dddd8713d57a0757ba87859372ef/websockets-17.1-cp313-cp313-win_amd64.whl", hash = "sha256:0340bbef6bfbe16da888b3983d666a4db4954ac3253c38f13bc7aba0c7db5a2f", size = 217784, upload-time = "2026-08-26T14:56:33.608Z" },
    { url = "https://files.pythonhosted.org/packages/68/92/9b8419584681a12a7534b746dfb2737c466efe2455483e2fbf8b941a04ec/websockets-17.1-cp313-cp313-win_arm64.whl", hash = "sha256:7a72efa3bf4fa3a6669a54420a472ad056da3973d827f10e3a536da463f926c2", size = 217715, upload-time = "2026-08-26T14:56:34.865Z" },
    { url = "https://files.pythonhosted.org/packages/41/63/23572870e01836a98346075b9e17a8bc24a6ddd9800a3204ceee58677f3c/websockets-17.1-py3-none-any.whl", hash = "sha256:f221081107b8c48184d99f7019604486376e7ef826037e70aad6b02540732c23", size = 211134, upload-time = "2026-08-26T17:25:31.397Z" },
]

[[package]]
name = "zipp"
version = "4.1.0"
source = { registry = "https://pypi.org/simple" }
sdist = { url = "https://files.pythonhosted.org/packages/b9/d8/eab98a517c14134c0b2eb4e2387bc5f457334293ec5d2dd3857ec2966802/zipp-4.1.0.tar.gz", hash = "sha256:4cb57381f544315db7688e976e922a2b18cdb513d21cc194eb42232ba2a3e602", size = 26214, upload-time = "2026-05-18T20:08:57.967Z" }
wheels = [
    { url = "https://files.pythonhosted.org/packages/3a/13/547360d81e6d88d58492968ffda9f9542854f11310ee556fef14260cc886/zipp-4.1.0-py3-none-any.whl", hash = "sha256:25ad4e16390cd314347dd8f1de67a2ac538ae658ed4ab9db16029c07c188e97f", size = 10238, upload-time = "2026-05-18T20:08:57.045Z" },
]
